
Microsoft Visual Studio Solution File, Format Version 12.00
# Visual Studio Version 17
VisualStudioVersion = 17.3.32901.215
MinimumVisualStudioVersion = 10.0.40219.1
Project("{FAE04EC0-301F-11D3-BF4B-00C04F79EFBC}") = "UtilitySharp", "UtilitySharp.csproj", "{53102A88-3C01-499F-A7C9-04AE26C08680}"
EndProject
Global
	GlobalSection(SolutionConfigurationPlatforms) = preSolution
		Debug|Any CPU = Debug|Any CPU
		Release|Any CPU = Release|Any CPU
	EndGlobalSection
	GlobalSection(ProjectConfigurationPlatforms) = postSolution
		{53102A88-3C01-499F-A7C9-04AE26C08680}.Debug|Any CPU.ActiveCfg = Debug|Any CPU
		{53102A88-3C01-499F-A7C9-04AE26C08680}.Debug|Any CPU.Build.0 = Debug|Any CPU
		{53102A88-3C01-499F-A7C9-04AE26C08680}.Release|Any CPU.ActiveCfg = Release|Any CPU
		{53102A88-3C01-499F-A7C9-04AE26C08680}.Release|Any CPU.Build.0 = Release|Any CPU
	EndGlobalSection
	GlobalSection(SolutionProperties) = preSolution
		HideSolutionNode = FALSE
	EndGlobalSection
	GlobalSection(ExtensibilityGlobals) = postSolution
		SolutionGuid = {F8792E2F-9DFF-49F2-86D0-FEDC8BEFD73E}
	EndGlobalSection
EndGlobal
